lockfileVersion: '6.0'

settings:
  autoInstallPeers: true
  excludeLinksFromLockfile: false

importers:

  .:
    dependencies:
      axios:
        specifier: ^1.13.2
        version: 1.13.2
      pinia:
        specifier: ^3.0.4
        version: 3.0.4(vue@3.5.25)

  apps/app-a:
    dependencies:
      pinia:
        specifier: ^3.0.4
        version: 3.0.4(vue@3.5.25)
      vue:
        specifier: ^3.5.24
        version: 3.5.25
      vue-router:
        specifier: ^4.3.0
        version: 4.6.4(vue@3.5.25)
    devDependencies:
      '@vitejs/plugin-vue':
        specifier: ^6.0.1
        version: 6.0.3(vite@7.3.0)(vue@3.5.25)
      vite:
        specifier: ^7.2.4
        version: 7.3.0

  apps/app-b:
    dependencies:
      pinia:
        specifier: ^3.0.4
        version: 3.0.4(vue@3.5.25)
      vue:
        specifier: ^3.5.24
        version: 3.5.25
    devDependencies:
      '@vitejs/plugin-vue':
        specifier: ^6.0.1
        version: 6.0.3(vite@7.3.0)(vue@3.5.25)
      vite:
        specifier: ^7.2.4
        version: 7.3.0

  apps/host:
    dependencies:
      pinia:
        specifier: ^3.0.4
        version: 3.0.4(vue@3.5.25)
      vue:
        specifier: ^3.5.24
        version: 3.5.25
      vue-router:
        specifier: ^4.3.0
        version: 4.6.4(vue@3.5.25)
    devDependencies:
      '@vitejs/plugin-vue':
        specifier: ^6.0.1
        version: 6.0.3(vite@7.3.0)(vue@3.5.25)
      vite:
        specifier: ^7.2.4
        version: 7.3.0

  packages/auth: {}

  packages/router: {}

packages:

  /@babel/helper-string-parser@7.27.1:
    resolution: {integrity: sha512-qMlSxKbpRlAridDExk92nSobyDdpPijUq2DW6oDnUqd0iOGxmQjyqhMIihI9+zv4LPyZdRje2cavWPbCbWm3eA==}
    engines: {node: '>=6.9.0'}

  /@babel/helper-validator-identifier@7.28.5:
    resolution: {integrity: sha512-qSs4ifwzKJSV39ucNjsvc6WVHs6b7S03sOh2OcHF9UHfVPqWWALUsNUVzhSBiItjRZoLHx7nIarVjqKVusUZ1Q==}
    engines: {node: '>=6.9.0'}

  /@babel/parser@7.28.5:
    resolution: {integrity: sha512-KKBU1VGYR7ORr3At5HAtUQ+TV3SzRCXmA/8OdDZiLDBIZxVyzXuztPjfLd3BV1PRAQGCMWWSHYhL0F8d5uHBDQ==}
    engines: {node: '>=6.0.0'}
    hasBin: true
    dependencies:
      '@babel/types': 7.28.5

  /@babel/types@7.28.5:
    resolution: {integrity: sha512-qQ5m48eI/MFLQ5PxQj4PFaprjyCTLI37ElWMmNs0K8Lk3dVeOdNpB3ks8jc7yM5CDmVC73eMVk/trk3fgmrUpA==}
    engines: {node: '>=6.9.0'}
    dependencies:
      '@babel/helper-string-parser': 7.27.1
      '@babel/helper-validator-identifier': 7.28.5

  /@esbuild/aix-ppc64@0.27.1:
    resolution: {integrity: sha512-HHB50pdsBX6k47S4u5g/CaLjqS3qwaOVE5ILsq64jyzgMhLuCuZ8rGzM9yhsAjfjkbgUPMzZEPa7DAp7yz6vuA==}
    engines: {node: '>=18'}
    cpu: [ppc64]
    os: [aix]
    requiresBuild: true
    dev: true
    optional: true

  /@esbuild/android-arm64@0.27.1:
    resolution: {integrity: sha512-45fuKmAJpxnQWixOGCrS+ro4Uvb4Re9+UTieUY2f8AEc+t7d4AaZ6eUJ3Hva7dtrxAAWHtlEFsXFMAgNnGU9uQ==}
    engines: {node: '>=18'}
    cpu: [arm64]
    os: [android]
    requiresBuild: true
    dev: true
    optional: true

  /@esbuild/android-arm@0.27.1:
    resolution: {integrity: sha512-kFqa6/UcaTbGm/NncN9kzVOODjhZW8e+FRdSeypWe6j33gzclHtwlANs26JrupOntlcWmB0u8+8HZo8s7thHvg==}
    engines: {node: '>=18'}
    cpu: [arm]
    os: [android]
    requiresBuild: true
    dev: true
    optional: true

  /@esbuild/android-x64@0.27.1:
    resolution: {integrity: sha512-LBEpOz0BsgMEeHgenf5aqmn/lLNTFXVfoWMUox8CtWWYK9X4jmQzWjoGoNb8lmAYml/tQ/Ysvm8q7szu7BoxRQ==}
    engines: {node: '>=18'}
    cpu: [x64]
    os: [android]
    requiresBuild: true
    dev: true
    optional: true

  /@esbuild/darwin-arm64@0.27.1:
    resolution: {integrity: sha512-veg7fL8eMSCVKL7IW4pxb54QERtedFDfY/ASrumK/SbFsXnRazxY4YykN/THYqFnFwJ0aVjiUrVG2PwcdAEqQQ==}
    engines: {node: '>=18'}
    cpu: [arm64]
    os: [darwin]
    requiresBuild: true
    dev: true
    optional: true

  /@esbuild/darwin-x64@0.27.1:
    resolution: {integrity: sha512-+3ELd+nTzhfWb07Vol7EZ+5PTbJ/u74nC6iv4/lwIU99Ip5uuY6QoIf0Hn4m2HoV0qcnRivN3KSqc+FyCHjoVQ==}
    engines: {node: '>=18'}
    cpu: [x64]
    os: [darwin]
    requiresBuild: true
    dev: true
    optional: true

  /@esbuild/freebsd-arm64@0.27.1:
    resolution: {integrity: sha512-/8Rfgns4XD9XOSXlzUDepG8PX+AVWHliYlUkFI3K3GB6tqbdjYqdhcb4BKRd7C0BhZSoaCxhv8kTcBrcZWP+xg==}
    engines: {node: '>=18'}
    cpu: [arm64]
    os: [freebsd]
    requiresBuild: true
    dev: true
    optional: true

  /@esbuild/freebsd-x64@0.27.1:
    resolution: {integrity: sha512-GITpD8dK9C+r+5yRT/UKVT36h/DQLOHdwGVwwoHidlnA168oD3uxA878XloXebK4Ul3gDBBIvEdL7go9gCUFzQ==}
    engines: {node: '>=18'}
    cpu: [x64]
    os: [freebsd]
    requiresBuild: true
    dev: true
    optional: true

  /@esbuild/linux-arm64@0.27.1:
    resolution: {integrity: sha512-W9//kCrh/6in9rWIBdKaMtuTTzNj6jSeG/haWBADqLLa9P8O5YSRDzgD5y9QBok4AYlzS6ARHifAb75V6G670Q==}
    engines: {node: '>=18'}
    cpu: [arm64]
    os: [linux]
    requiresBuild: true
    dev: true
    optional: true

  /@esbuild/linux-arm@0.27.1:
    resolution: {integrity: sha512-ieMID0JRZY/ZeCrsFQ3Y3NlHNCqIhTprJfDgSB3/lv5jJZ8FX3hqPyXWhe+gvS5ARMBJ242PM+VNz/ctNj//eA==}
    engines: {node: '>=18'}
    cpu: [arm]
    os: [linux]
    requiresBuild: true
    dev: true
    optional: true

  /@esbuild/linux-ia32@0.27.1:
    resolution: {integrity: sha512-VIUV4z8GD8rtSVMfAj1aXFahsi/+tcoXXNYmXgzISL+KB381vbSTNdeZHHHIYqFyXcoEhu9n5cT+05tRv13rlw==}
    engines: {node: '>=18'}
    cpu: [ia32]
    os: [linux]
    requiresBuild: true
    dev: true
    optional: true

  /@esbuild/linux-loong64@0.27.1:
    resolution: {integrity: sha512-l4rfiiJRN7sTNI//ff65zJ9z8U+k6zcCg0LALU5iEWzY+a1mVZ8iWC1k5EsNKThZ7XCQ6YWtsZ8EWYm7r1UEsg==}
    engines: {node: '>=18'}
    cpu: [loong64]
    os: [linux]
    requiresBuild: true
    dev: true
    optional: true

  /@esbuild/linux-mips64el@0.27.1:
    resolution: {integrity: sha512-U0bEuAOLvO/DWFdygTHWY8C067FXz+UbzKgxYhXC0fDieFa0kDIra1FAhsAARRJbvEyso8aAqvPdNxzWuStBnA==}
    engines: {node: '>=18'}
    cpu: [mips64el]
    os: [linux]
    requiresBuild: true
    dev: true
    optional: true

  /@esbuild/linux-ppc64@0.27.1:
    resolution: {integrity: sha512-NzdQ/Xwu6vPSf/GkdmRNsOfIeSGnh7muundsWItmBsVpMoNPVpM61qNzAVY3pZ1glzzAxLR40UyYM23eaDDbYQ==}
    engines: {node: '>=18'}
    cpu: [ppc64]
    os: [linux]
    requiresBuild: true
    dev: true
    optional: true

  /@esbuild/linux-riscv64@0.27.1:
    resolution: {integrity: sha512-7zlw8p3IApcsN7mFw0O1Z1PyEk6PlKMu18roImfl3iQHTnr/yAfYv6s4hXPidbDoI2Q0pW+5xeoM4eTCC0UdrQ==}
    engines: {node: '>=18'}
    cpu: [riscv64]
    os: [linux]
    requiresBuild: true
    dev: true
    optional: true

  /@esbuild/linux-s390x@0.27.1:
    resolution: {integrity: sha512-cGj5wli+G+nkVQdZo3+7FDKC25Uh4ZVwOAK6A06Hsvgr8WqBBuOy/1s+PUEd/6Je+vjfm6stX0kmib5b/O2Ykw==}
    engines: {node: '>=18'}
    cpu: [s390x]
    os: [linux]
    requiresBuild: true
    dev: true
    optional: true

  /@esbuild/linux-x64@0.27.1:
    resolution: {integrity: sha512-z3H/HYI9MM0HTv3hQZ81f+AKb+yEoCRlUby1F80vbQ5XdzEMyY/9iNlAmhqiBKw4MJXwfgsh7ERGEOhrM1niMA==}
    engines: {node: '>=18'}
    cpu: [x64]
    os: [linux]
    requiresBuild: true
    dev: true
    optional: true

  /@esbuild/netbsd-arm64@0.27.1:
    resolution: {integrity: sha512-wzC24DxAvk8Em01YmVXyjl96Mr+ecTPyOuADAvjGg+fyBpGmxmcr2E5ttf7Im8D0sXZihpxzO1isus8MdjMCXQ==}
    engines: {node: '>=18'}
    cpu: [arm64]
    os: [netbsd]
    requiresBuild: true
    dev: true
    optional: true

  /@esbuild/netbsd-x64@0.27.1:
    resolution: {integrity: sha512-1YQ8ybGi2yIXswu6eNzJsrYIGFpnlzEWRl6iR5gMgmsrR0FcNoV1m9k9sc3PuP5rUBLshOZylc9nqSgymI+TYg==}
    engines: {node: '>=18'}
    cpu: [x64]
    os: [netbsd]
    requiresBuild: true
    dev: true
    optional: true

  /@esbuild/openbsd-arm64@0.27.1:
    resolution: {integrity: sha512-5Z+DzLCrq5wmU7RDaMDe2DVXMRm2tTDvX2KU14JJVBN2CT/qov7XVix85QoJqHltpvAOZUAc3ndU56HSMWrv8g==}
    engines: {node: '>=18'}
    cpu: [arm64]
    os: [openbsd]
    requiresBuild: true
    dev: true
    optional: true

  /@esbuild/openbsd-x64@0.27.1:
    resolution: {integrity: sha512-Q73ENzIdPF5jap4wqLtsfh8YbYSZ8Q0wnxplOlZUOyZy7B4ZKW8DXGWgTCZmF8VWD7Tciwv5F4NsRf6vYlZtqg==}
    engines: {node: '>=18'}
    cpu: [x64]
    os: [openbsd]
    requiresBuild: true
    dev: true
    optional: true

  /@esbuild/openharmony-arm64@0.27.1:
    resolution: {integrity: sha512-ajbHrGM/XiK+sXM0JzEbJAen+0E+JMQZ2l4RR4VFwvV9JEERx+oxtgkpoKv1SevhjavK2z2ReHk32pjzktWbGg==}
    engines: {node: '>=18'}
    cpu: [arm64]
    os: [openharmony]
    requiresBuild: true
    dev: true
    optional: true

  /@esbuild/sunos-x64@0.27.1:
    resolution: {integrity: sha512-IPUW+y4VIjuDVn+OMzHc5FV4GubIwPnsz6ubkvN8cuhEqH81NovB53IUlrlBkPMEPxvNnf79MGBoz8rZ2iW8HA==}
    engines: {node: '>=18'}
    cpu: [x64]
    os: [sunos]
    requiresBuild: true
    dev: true
    optional: true

  /@esbuild/win32-arm64@0.27.1:
    resolution: {integrity: sha512-RIVRWiljWA6CdVu8zkWcRmGP7iRRIIwvhDKem8UMBjPql2TXM5PkDVvvrzMtj1V+WFPB4K7zkIGM7VzRtFkjdg==}
    engines: {node: '>=18'}
    cpu: [arm64]
    os: [win32]
    requiresBuild: true
    dev: true
    optional: true

  /@esbuild/win32-ia32@0.27.1:
    resolution: {integrity: sha512-2BR5M8CPbptC1AK5JbJT1fWrHLvejwZidKx3UMSF0ecHMa+smhi16drIrCEggkgviBwLYd5nwrFLSl5Kho96RQ==}
    engines: {node: '>=18'}
    cpu: [ia32]
    os: [win32]
    requiresBuild: true
    dev: true
    optional: true

  /@esbuild/win32-x64@0.27.1:
    resolution: {integrity: sha512-d5X6RMYv6taIymSk8JBP+nxv8DQAMY6A51GPgusqLdK9wBz5wWIXy1KjTck6HnjE9hqJzJRdk+1p/t5soSbCtw==}
    engines: {node: '>=18'}
    cpu: [x64]
    os: [win32]
    requiresBuild: true
    dev: true
    optional: true

  /@jridgewell/sourcemap-codec@1.5.5:
    resolution: {integrity: sha512-cYQ9310grqxueWbl+WuIUIaiUaDcj7WOq5fVhEljNVgRfOUhY9fy2zTvfoqWsnebh8Sl70VScFbICvJnLKB0Og==}

  /@rolldown/pluginutils@1.0.0-beta.53:
    resolution: {integrity: sha512-vENRlFU4YbrwVqNDZ7fLvy+JR1CRkyr01jhSiDpE1u6py3OMzQfztQU2jxykW3ALNxO4kSlqIDeYyD0Y9RcQeQ==}
    dev: true

  /@rollup/rollup-android-arm-eabi@4.53.4:
    resolution: {integrity: sha512-PWU3Y92H4DD0bOqorEPp1Y0tbzwAurFmIYpjcObv5axGVOtcTlB0b2UKMd2echo08MgN7jO8WQZSSysvfisFSQ==}
    cpu: [arm]
    os: [android]
    requiresBuild: true
    dev: true
    optional: true

  /@rollup/rollup-android-arm64@4.53.4:
    resolution: {integrity: sha512-Gw0/DuVm3rGsqhMGYkSOXXIx20cC3kTlivZeuaGt4gEgILivykNyBWxeUV5Cf2tDA2nPLah26vq3emlRrWVbng==}
    cpu: [arm64]
    os: [android]
    requiresBuild: true
    dev: true
    optional: true

  /@rollup/rollup-darwin-arm64@4.53.4:
    resolution: {integrity: sha512-+w06QvXsgzKwdVg5qRLZpTHh1bigHZIqoIUPtiqh05ZiJVUQ6ymOxaPkXTvRPRLH88575ZCRSRM3PwIoNma01Q==}
    cpu: [arm64]
    os: [darwin]
    requiresBuild: true
    dev: true
    optional: true

  /@rollup/rollup-darwin-x64@4.53.4:
    resolution: {integrity: sha512-EB4Na9G2GsrRNRNFPuxfwvDRDUwQEzJPpiK1vo2zMVhEeufZ1k7J1bKnT0JYDfnPC7RNZ2H5YNQhW6/p2QKATw==}
    cpu: [x64]
    os: [darwin]
    requiresBuild: true
    dev: true
    optional: true

  /@rollup/rollup-freebsd-arm64@4.53.4:
    resolution: {integrity: sha512-bldA8XEqPcs6OYdknoTMaGhjytnwQ0NClSPpWpmufOuGPN5dDmvIa32FygC2gneKK4A1oSx86V1l55hyUWUYFQ==}
    cpu: [arm64]
    os: [freebsd]
    requiresBuild: true
    dev: true
    optional: true

  /@rollup/rollup-freebsd-x64@4.53.4:
    resolution: {integrity: sha512-3T8GPjH6mixCd0YPn0bXtcuSXi1Lj+15Ujw2CEb7dd24j9thcKscCf88IV7n76WaAdorOzAgSSbuVRg4C8V8Qw==}
    cpu: [x64]
    os: [freebsd]
    requiresBuild: true
    dev: true
    optional: true

  /@rollup/rollup-linux-arm-gnueabihf@4.53.4:
    resolution: {integrity: sha512-UPMMNeC4LXW7ZSHxeP3Edv09aLsFUMaD1TSVW6n1CWMECnUIJMFFB7+XC2lZTdPtvB36tYC0cJWc86mzSsaviw==}
    cpu: [arm]
    os: [linux]
    libc: [glibc]
    requiresBuild: true
    dev: true
    optional: true

  /@rollup/rollup-linux-arm-musleabihf@4.53.4:
    resolution: {integrity: sha512-H8uwlV0otHs5Q7WAMSoyvjV9DJPiy5nJ/xnHolY0QptLPjaSsuX7tw+SPIfiYH6cnVx3fe4EWFafo6gH6ekZKA==}
    cpu: [arm]
    os: [linux]
    libc: [musl]
    requiresBuild: true
    dev: true
    optional: true

  /@rollup/rollup-linux-arm64-gnu@4.53.4:
    resolution: {integrity: sha512-BLRwSRwICXz0TXkbIbqJ1ibK+/dSBpTJqDClF61GWIrxTXZWQE78ROeIhgl5MjVs4B4gSLPCFeD4xML9vbzvCQ==}
    cpu: [arm64]
    os: [linux]
    libc: [glibc]
    requiresBuild: true
    dev: true
    optional: true

  /@rollup/rollup-linux-arm64-musl@4.53.4:
    resolution: {integrity: sha512-6bySEjOTbmVcPJAywjpGLckK793A0TJWSbIa0sVwtVGfe/Nz6gOWHOwkshUIAp9j7wg2WKcA4Snu7Y1nUZyQew==}
    cpu: [arm64]
    os: [linux]
    libc: [musl]
    requiresBuild: true
    dev: true
    optional: true

  /@rollup/rollup-linux-loong64-gnu@4.53.4:
    resolution: {integrity: sha512-U0ow3bXYJZ5MIbchVusxEycBw7bO6C2u5UvD31i5IMTrnt2p4Fh4ZbHSdc/31TScIJQYHwxbj05BpevB3201ug==}
    cpu: [loong64]
    os: [linux]
    libc: [glibc]
    requiresBuild: true
    dev: true
    optional: true

  /@rollup/rollup-linux-ppc64-gnu@4.53.4:
    resolution: {integrity: sha512-iujDk07ZNwGLVn0YIWM80SFN039bHZHCdCCuX9nyx3Jsa2d9V/0Y32F+YadzwbvDxhSeVo9zefkoPnXEImnM5w==}
    cpu: [ppc64]
    os: [linux]
    libc: [glibc]
    requiresBuild: true
    dev: true
    optional: true

  /@rollup/rollup-linux-riscv64-gnu@4.53.4:
    resolution: {integrity: sha512-MUtAktiOUSu+AXBpx1fkuG/Bi5rhlorGs3lw5QeJ2X3ziEGAq7vFNdWVde6XGaVqi0LGSvugwjoxSNJfHFTC0g==}
    cpu: [riscv64]
    os: [linux]
    libc: [glibc]
    requiresBuild: true
    dev: true
    optional: true

  /@rollup/rollup-linux-riscv64-musl@4.53.4:
    resolution: {integrity: sha512-btm35eAbDfPtcFEgaXCI5l3c2WXyzwiE8pArhd66SDtoLWmgK5/M7CUxmUglkwtniPzwvWioBKKl6IXLbPf2sQ==}
    cpu: [riscv64]
    os: [linux]
    libc: [musl]
    requiresBuild: true
    dev: true
    optional: true

  /@rollup/rollup-linux-s390x-gnu@4.53.4:
    resolution: {integrity: sha512-uJlhKE9ccUTCUlK+HUz/80cVtx2RayadC5ldDrrDUFaJK0SNb8/cCmC9RhBhIWuZ71Nqj4Uoa9+xljKWRogdhA==}
    cpu: [s390x]
    os: [linux]
    libc: [glibc]
    requiresBuild: true
    dev: true
    optional: true

  /@rollup/rollup-linux-x64-gnu@4.53.4:
    resolution: {integrity: sha512-jjEMkzvASQBbzzlzf4os7nzSBd/cvPrpqXCUOqoeCh1dQ4BP3RZCJk8XBeik4MUln3m+8LeTJcY54C/u8wb3DQ==}
    cpu: [x64]
    os: [linux]
    libc: [glibc]
    requiresBuild: true
    dev: true
    optional: true

  /@rollup/rollup-linux-x64-musl@4.53.4:
    resolution: {integrity: sha512-lu90KG06NNH19shC5rBPkrh6mrTpq5kviFylPBXQVpdEu0yzb0mDgyxLr6XdcGdBIQTH/UAhDJnL+APZTBu1aQ==}
    cpu: [x64]
    os: [linux]
    libc: [musl]
    requiresBuild: true
    dev: true
    optional: true

  /@rollup/rollup-openharmony-arm64@4.53.4:
    resolution: {integrity: sha512-dFDcmLwsUzhAm/dn0+dMOQZoONVYBtgik0VuY/d5IJUUb787L3Ko/ibvTvddqhb3RaB7vFEozYevHN4ox22R/w==}
    cpu: [arm64]
    os: [openharmony]
    requiresBuild: true
    dev: true
    optional: true

  /@rollup/rollup-win32-arm64-msvc@4.53.4:
    resolution: {integrity: sha512-WvUpUAWmUxZKtRnQWpRKnLW2DEO8HB/l8z6oFFMNuHndMzFTJEXzaYJ5ZAmzNw0L21QQJZsUQFt2oPf3ykAD/w==}
    cpu: [arm64]
    os: [win32]
    requiresBuild: true
    dev: true
    optional: true

  /@rollup/rollup-win32-ia32-msvc@4.53.4:
    resolution: {integrity: sha512-JGbeF2/FDU0x2OLySw/jgvkwWUo05BSiJK0dtuI4LyuXbz3wKiC1xHhLB1Tqm5VU6ZZDmAorj45r/IgWNWku5g==}
    cpu: [ia32]
    os: [win32]
    requiresBuild: true
    dev: true
    optional: true

  /@rollup/rollup-win32-x64-gnu@4.53.4:
    resolution: {integrity: sha512-zuuC7AyxLWLubP+mlUwEyR8M1ixW1ERNPHJfXm8x7eQNP4Pzkd7hS3qBuKBR70VRiQ04Kw8FNfRMF5TNxuZq2g==}
    cpu: [x64]
    os: [win32]
    requiresBuild: true
    dev: true
    optional: true

  /@rollup/rollup-win32-x64-msvc@4.53.4:
    resolution: {integrity: sha512-Sbx45u/Lbb5RyptSbX7/3deP+/lzEmZ0BTSHxwxN/IMOZDZf8S0AGo0hJD5n/LQssxb5Z3B4og4P2X6Dd8acCA==}
    cpu: [x64]
    os: [win32]
    requiresBuild: true
    dev: true
    optional: true

  /@types/estree@1.0.8:
    resolution: {integrity: sha512-dWHzHa2WqEXI/O1E9OjrocMTKJl2mSrEolh1Iomrv6U+JuNwaHXsXx9bLu5gG7BUWFIN0skIQJQ/L1rIex4X6w==}
    dev: true

  /@vitejs/plugin-vue@6.0.3(vite@7.3.0)(vue@3.5.25):
    resolution: {integrity: sha512-TlGPkLFLVOY3T7fZrwdvKpjprR3s4fxRln0ORDo1VQ7HHyxJwTlrjKU3kpVWTlaAjIEuCTokmjkZnr8Tpc925w==}
    engines: {node: ^20.19.0 || >=22.12.0}
    peerDependencies:
      vite: ^5.0.0 || ^6.0.0 || ^7.0.0 || ^8.0.0-0
      vue: ^3.2.25
    dependencies:
      '@rolldown/pluginutils': 1.0.0-beta.53
      vite: 7.3.0
      vue: 3.5.25
    dev: true

  /@vue/compiler-core@3.5.25:
    resolution: {integrity: sha512-vay5/oQJdsNHmliWoZfHPoVZZRmnSWhug0BYT34njkYTPqClh3DNWLkZNJBVSjsNMrg0CCrBfoKkjZQPM/QVUw==}
    dependencies:
      '@babel/parser': 7.28.5
      '@vue/shared': 3.5.25
      entities: 4.5.0
      estree-walker: 2.0.2
      source-map-js: 1.2.1

  /@vue/compiler-dom@3.5.25:
    resolution: {integrity: sha512-4We0OAcMZsKgYoGlMjzYvaoErltdFI2/25wqanuTu+S4gismOTRTBPi4IASOjxWdzIwrYSjnqONfKvuqkXzE2Q==}
    dependencies:
      '@vue/compiler-core': 3.5.25
      '@vue/shared': 3.5.25

  /@vue/compiler-sfc@3.5.25:
    resolution: {integrity: sha512-PUgKp2rn8fFsI++lF2sO7gwO2d9Yj57Utr5yEsDf3GNaQcowCLKL7sf+LvVFvtJDXUp/03+dC6f2+LCv5aK1ag==}
    dependencies:
      '@babel/parser': 7.28.5
      '@vue/compiler-core': 3.5.25
      '@vue/compiler-dom': 3.5.25
      '@vue/compiler-ssr': 3.5.25
      '@vue/shared': 3.5.25
      estree-walker: 2.0.2
      magic-string: 0.30.21
      postcss: 8.5.6
      source-map-js: 1.2.1

  /@vue/compiler-ssr@3.5.25:
    resolution: {integrity: sha512-ritPSKLBcParnsKYi+GNtbdbrIE1mtuFEJ4U1sWeuOMlIziK5GtOL85t5RhsNy4uWIXPgk+OUdpnXiTdzn8o3A==}
    dependencies:
      '@vue/compiler-dom': 3.5.25
      '@vue/shared': 3.5.25

  /@vue/devtools-api@6.6.4:
    resolution: {integrity: sha512-sGhTPMuXqZ1rVOk32RylztWkfXTRhuS7vgAKv0zjqk8gbsHkJ7xfFf+jbySxt7tWObEJwyKaHMikV/WGDiQm8g==}
    dev: false

  /@vue/devtools-api@7.7.9:
    resolution: {integrity: sha512-kIE8wvwlcZ6TJTbNeU2HQNtaxLx3a84aotTITUuL/4bzfPxzajGBOoqjMhwZJ8L9qFYDU/lAYMEEm11dnZOD6g==}
    dependencies:
      '@vue/devtools-kit': 7.7.9
    dev: false

  /@vue/devtools-kit@7.7.9:
    resolution: {integrity: sha512-PyQ6odHSgiDVd4hnTP+aDk2X4gl2HmLDfiyEnn3/oV+ckFDuswRs4IbBT7vacMuGdwY/XemxBoh302ctbsptuA==}
    dependencies:
      '@vue/devtools-shared': 7.7.9
      birpc: 2.9.0
      hookable: 5.5.3
      mitt: 3.0.1
      perfect-debounce: 1.0.0
      speakingurl: 14.0.1
      superjson: 2.2.6
    dev: false

  /@vue/devtools-shared@7.7.9:
    resolution: {integrity: sha512-iWAb0v2WYf0QWmxCGy0seZNDPdO3Sp5+u78ORnyeonS6MT4PC7VPrryX2BpMJrwlDeaZ6BD4vP4XKjK0SZqaeA==}
    dependencies:
      rfdc: 1.4.1
    dev: false

  /@vue/reactivity@3.5.25:
    resolution: {integrity: sha512-5xfAypCQepv4Jog1U4zn8cZIcbKKFka3AgWHEFQeK65OW+Ys4XybP6z2kKgws4YB43KGpqp5D/K3go2UPPunLA==}
    dependencies:
      '@vue/shared': 3.5.25

  /@vue/runtime-core@3.5.25:
    resolution: {integrity: sha512-Z751v203YWwYzy460bzsYQISDfPjHTl+6Zzwo/a3CsAf+0ccEjQ8c+0CdX1WsumRTHeywvyUFtW6KvNukT/smA==}
    dependencies:
      '@vue/reactivity': 3.5.25
      '@vue/shared': 3.5.25

  /@vue/runtime-dom@3.5.25:
    resolution: {integrity: sha512-a4WrkYFbb19i9pjkz38zJBg8wa/rboNERq3+hRRb0dHiJh13c+6kAbgqCPfMaJ2gg4weWD3APZswASOfmKwamA==}
    dependencies:
      '@vue/reactivity': 3.5.25
      '@vue/runtime-core': 3.5.25
      '@vue/shared': 3.5.25
      csstype: 3.2.3

  /@vue/server-renderer@3.5.25(vue@3.5.25):
    resolution: {integrity: sha512-UJaXR54vMG61i8XNIzTSf2Q7MOqZHpp8+x3XLGtE3+fL+nQd+k7O5+X3D/uWrnQXOdMw5VPih+Uremcw+u1woQ==}
    peerDependencies:
      vue: 3.5.25
    dependencies:
      '@vue/compiler-ssr': 3.5.25
      '@vue/shared': 3.5.25
      vue: 3.5.25

  /@vue/shared@3.5.25:
    resolution: {integrity: sha512-AbOPdQQnAnzs58H2FrrDxYj/TJfmeS2jdfEEhgiKINy+bnOANmVizIEgq1r+C5zsbs6l1CCQxtcj71rwNQ4jWg==}

  /asynckit@0.4.0:
    resolution: {integrity: sha512-Oei9OH4tRh0YqU3GxhX79dM/mwVgvbZJaSNaRk+bshkj0S5cfHcgYakreBjrHwatXKbz+IoIdYLxrKim2MjW0Q==}
    dev: false

  /axios@1.13.2:
    resolution: {integrity: sha512-VPk9ebNqPcy5lRGuSlKx752IlDatOjT9paPlm8A7yOuW2Fbvp4X3JznJtT4f0GzGLLiWE9W8onz51SqLYwzGaA==}
    dependencies:
      follow-redirects: 1.15.11
      form-data: 4.0.5
      proxy-from-env: 1.1.0
    transitivePeerDependencies:
      - debug
    dev: false

  /birpc@2.9.0:
    resolution: {integrity: sha512-KrayHS5pBi69Xi9JmvoqrIgYGDkD6mcSe/i6YKi3w5kekCLzrX4+nawcXqrj2tIp50Kw/mT/s3p+GVK0A0sKxw==}
    dev: false

  /call-bind-apply-helpers@1.0.2:
    resolution: {integrity: sha512-Sp1ablJ0ivDkSzjcaJdxEunN5/XvksFJ2sMBFfq6x0ryhQV/2b/KwFe21cMpmHtPOSij8K99/wSfoEuTObmuMQ==}
    engines: {node: '>= 0.4'}
    dependencies:
      es-errors: 1.3.0
      function-bind: 1.1.2
    dev: false

  /combined-stream@1.0.8:
    resolution: {integrity: sha512-FQN4MRfuJeHf7cBbBMJFXhKSDq+2kAArBlmRBvcvFE5BB1HZKXtSFASDhdlz9zOYwxh8lDdnvmMOe/+5cdoEdg==}
    engines: {node: '>= 0.8'}
    dependencies:
      delayed-stream: 1.0.0
    dev: false

  /copy-anything@4.0.5:
    resolution: {integrity: sha512-7Vv6asjS4gMOuILabD3l739tsaxFQmC+a7pLZm02zyvs8p977bL3zEgq3yDk5rn9B0PbYgIv++jmHcuUab4RhA==}
    engines: {node: '>=18'}
    dependencies:
      is-what: 5.5.0
    dev: false

  /csstype@3.2.3:
    resolution: {integrity: sha512-z1HGKcYy2xA8AGQfwrn0PAy+PB7X/GSj3UVJW9qKyn43xWa+gl5nXmU4qqLMRzWVLFC8KusUX8T/0kCiOYpAIQ==}

  /delayed-stream@1.0.0:
    resolution: {integrity: sha512-ZySD7Nf91aLB0RxL4KGrKHBXl7Eds1DAmEdcoVawXnLD7SDhpNgtuII2aAkg7a7QS41jxPSZ17p4VdGnMHk3MQ==}
    engines: {node: '>=0.4.0'}
    dev: false

  /dunder-proto@1.0.1:
    resolution: {integrity: sha512-KIN/nDJBQRcXw0MLVhZE9iQHmG68qAVIBg9CqmUYjmQIhgij9U5MFvrqkUL5FbtyyzZuOeOt0zdeRe4UY7ct+A==}
    engines: {node: '>= 0.4'}
    dependencies:
      call-bind-apply-helpers: 1.0.2
      es-errors: 1.3.0
      gopd: 1.2.0
    dev: false

  /entities@4.5.0:
    resolution: {integrity: sha512-V0hjH4dGPh9Ao5p0MoRY6BVqtwCjhz6vI5LT8AJ55H+4g9/4vbHx1I54fS0XuclLhDHArPQCiMjDxjaL8fPxhw==}
    engines: {node: '>=0.12'}

  /es-define-property@1.0.1:
    resolution: {integrity: sha512-e3nRfgfUZ4rNGL232gUgX06QNyyez04KdjFrF+LTRoOXmrOgFKDg4BCdsjW8EnT69eqdYGmRpJwiPVYNrCaW3g==}
    engines: {node: '>= 0.4'}
    dev: false

  /es-errors@1.3.0:
    resolution: {integrity: sha512-Zf5H2Kxt2xjTvbJvP2ZWLEICxA6j+hAmMzIlypy4xcBg1vKVnx89Wy0GbS+kf5cwCVFFzdCFh2XSCFNULS6csw==}
    engines: {node: '>= 0.4'}
    dev: false

  /es-object-atoms@1.1.1:
    resolution: {integrity: sha512-FGgH2h8zKNim9ljj7dankFPcICIK9Cp5bm+c2gQSYePhpaG5+esrLODihIorn+Pe6FGJzWhXQotPv73jTaldXA==}
    engines: {node: '>= 0.4'}
    dependencies:
      es-errors: 1.3.0
    dev: false

  /es-set-tostringtag@2.1.0:
    resolution: {integrity: sha512-j6vWzfrGVfyXxge+O0x5sh6cvxAog0a/4Rdd2K36zCMV5eJ+/+tOAngRO8cODMNWbVRdVlmGZQL2YS3yR8bIUA==}
    engines: {node: '>= 0.4'}
    dependencies:
      es-errors: 1.3.0
      get-intrinsic: 1.3.0
      has-tostringtag: 1.0.2
      hasown: 2.0.2
    dev: false

  /esbuild@0.27.1:
    resolution: {integrity: sha512-yY35KZckJJuVVPXpvjgxiCuVEJT67F6zDeVTv4rizyPrfGBUpZQsvmxnN+C371c2esD/hNMjj4tpBhuueLN7aA==}
    engines: {node: '>=18'}
    hasBin: true
    requiresBuild: true
    optionalDependencies:
      '@esbuild/aix-ppc64': 0.27.1
      '@esbuild/android-arm': 0.27.1
      '@esbuild/android-arm64': 0.27.1
      '@esbuild/android-x64': 0.27.1
      '@esbuild/darwin-arm64': 0.27.1
      '@esbuild/darwin-x64': 0.27.1
      '@esbuild/freebsd-arm64': 0.27.1
      '@esbuild/freebsd-x64': 0.27.1
      '@esbuild/linux-arm': 0.27.1
      '@esbuild/linux-arm64': 0.27.1
      '@esbuild/linux-ia32': 0.27.1
      '@esbuild/linux-loong64': 0.27.1
      '@esbuild/linux-mips64el': 0.27.1
      '@esbuild/linux-ppc64': 0.27.1
      '@esbuild/linux-riscv64': 0.27.1
      '@esbuild/linux-s390x': 0.27.1
      '@esbuild/linux-x64': 0.27.1
      '@esbuild/netbsd-arm64': 0.27.1
      '@esbuild/netbsd-x64': 0.27.1
      '@esbuild/openbsd-arm64': 0.27.1
      '@esbuild/openbsd-x64': 0.27.1
      '@esbuild/openharmony-arm64': 0.27.1
      '@esbuild/sunos-x64': 0.27.1
      '@esbuild/win32-arm64': 0.27.1
      '@esbuild/win32-ia32': 0.27.1
      '@esbuild/win32-x64': 0.27.1
    dev: true

  /estree-walker@2.0.2:
    resolution: {integrity: sha512-Rfkk/Mp/DL7JVje3u18FxFujQlTNR2q6QfMSMB7AvCBx91NGj/ba3kCfza0f6dVDbw7YlRf/nDrn7pQrCCyQ/w==}

  /fdir@6.5.0(picomatch@4.0.3):
    resolution: {integrity: sha512-tIbYtZbucOs0BRGqPJkshJUYdL+SDH7dVM8gjy+ERp3WAUjLEFJE+02kanyHtwjWOnwrKYBiwAmM0p4kLJAnXg==}
    engines: {node: '>=12.0.0'}
    peerDependencies:
      picomatch: ^3 || ^4
    peerDependenciesMeta:
      picomatch:
        optional: true
    dependencies:
      picomatch: 4.0.3
    dev: true

  /follow-redirects@1.15.11:
    resolution: {integrity: sha512-deG2P0JfjrTxl50XGCDyfI97ZGVCxIpfKYmfyrQ54n5FO/0gfIES8C/Psl6kWVDolizcaaxZJnTS0QSMxvnsBQ==}
    engines: {node: '>=4.0'}
    peerDependencies:
      debug: '*'
    peerDependenciesMeta:
      debug:
        optional: true
    dev: false

  /form-data@4.0.5:
    resolution: {integrity: sha512-8RipRLol37bNs2bhoV67fiTEvdTrbMUYcFTiy3+wuuOnUog2QBHCZWXDRijWQfAkhBj2Uf5UnVaiWwA5vdd82w==}
    engines: {node: '>= 6'}
    dependencies:
      asynckit: 0.4.0
      combined-stream: 1.0.8
      es-set-tostringtag: 2.1.0
      hasown: 2.0.2
      mime-types: 2.1.35
    dev: false

  /fsevents@2.3.3:
    resolution: {integrity: sha512-5xoDfX+fL7faATnagmWPpbFtwh/R77WmMMqqHGS65C3vvB0YHrgF+B1YmZ3441tMj5n63k0212XNoJwzlhffQw==}
    engines: {node: ^8.16.0 || ^10.6.0 || >=11.0.0}
    os: [darwin]
    requiresBuild: true
    dev: true
    optional: true

  /function-bind@1.1.2:
    resolution: {integrity: sha512-7XHNxH7qX9xG5mIwxkhumTox/MIRNcOgDrxWsMt2pAr23WHp6MrRlN7FBSFpCpr+oVO0F744iUgR82nJMfG2SA==}
    dev: false

  /get-intrinsic@1.3.0:
    resolution: {integrity: sha512-9fSjSaos/fRIVIp+xSJlE6lfwhES7LNtKaCBIamHsjr2na1BiABJPo0mOjjz8GJDURarmCPGqaiVg5mfjb98CQ==}
    engines: {node: '>= 0.4'}
    dependencies:
      call-bind-apply-helpers: 1.0.2
      es-define-property: 1.0.1
      es-errors: 1.3.0
      es-object-atoms: 1.1.1
      function-bind: 1.1.2
      get-proto: 1.0.1
      gopd: 1.2.0
      has-symbols: 1.1.0
      hasown: 2.0.2
      math-intrinsics: 1.1.0
    dev: false

  /get-proto@1.0.1:
    resolution: {integrity: sha512-sTSfBjoXBp89JvIKIefqw7U2CCebsc74kiY6awiGogKtoSGbgjYE/G/+l9sF3MWFPNc9IcoOC4ODfKHfxFmp0g==}
    engines: {node: '>= 0.4'}
    dependencies:
      dunder-proto: 1.0.1
      es-object-atoms: 1.1.1
    dev: false

  /gopd@1.2.0:
    resolution: {integrity: sha512-ZUKRh6/kUFoAiTAtTYPZJ3hw9wNxx+BIBOijnlG9PnrJsCcSjs1wyyD6vJpaYtgnzDrKYRSqf3OO6Rfa93xsRg==}
    engines: {node: '>= 0.4'}
    dev: false

  /has-symbols@1.1.0:
    resolution: {integrity: sha512-1cDNdwJ2Jaohmb3sg4OmKaMBwuC48sYni5HUw2DvsC8LjGTLK9h+eb1X6RyuOHe4hT0ULCW68iomhjUoKUqlPQ==}
    engines: {node: '>= 0.4'}
    dev: false

  /has-tostringtag@1.0.2:
    resolution: {integrity: sha512-NqADB8VjPFLM2V0VvHUewwwsw0ZWBaIdgo+ieHtK3hasLz4qeCRjYcqfB6AQrBggRKppKF8L52/VqdVsO47Dlw==}
    engines: {node: '>= 0.4'}
    dependencies:
      has-symbols: 1.1.0
    dev: false

  /hasown@2.0.2:
    resolution: {integrity: sha512-0hJU9SCPvmMzIBdZFqNPXWa6dqh7WdH0cII9y+CyS8rG3nL48Bclra9HmKhVVUHyPWNH5Y7xDwAB7bfgSjkUMQ==}
    engines: {node: '>= 0.4'}
    dependencies:
      function-bind: 1.1.2
    dev: false

  /hookable@5.5.3:
    resolution: {integrity: sha512-Yc+BQe8SvoXH1643Qez1zqLRmbA5rCL+sSmk6TVos0LWVfNIB7PGncdlId77WzLGSIB5KaWgTaNTs2lNVEI6VQ==}
    dev: false

  /is-what@5.5.0:
    resolution: {integrity: sha512-oG7cgbmg5kLYae2N5IVd3jm2s+vldjxJzK1pcu9LfpGuQ93MQSzo0okvRna+7y5ifrD+20FE8FvjusyGaz14fw==}
    engines: {node: '>=18'}
    dev: false

  /magic-string@0.30.21:
    resolution: {integrity: sha512-vd2F4YUyEXKGcLHoq+TEyCjxueSeHnFxyyjNp80yg0XV4vUhnDer/lvvlqM/arB5bXQN5K2/3oinyCRyx8T2CQ==}
    dependencies:
      '@jridgewell/sourcemap-codec': 1.5.5

  /math-intrinsics@1.1.0:
    resolution: {integrity: sha512-/IXtbwEk5HTPyEwyKX6hGkYXxM9nbj64B+ilVJnC/R6B0pH5G4V3b0pVbL7DBj4tkhBAppbQUlf6F6Xl9LHu1g==}
    engines: {node: '>= 0.4'}
    dev: false

  /mime-db@1.52.0:
    resolution: {integrity: sha512-sPU4uV7dYlvtWJxwwxHD0PuihVNiE7TyAbQ5SWxDCB9mUYvOgroQOwYQQOKPJ8CIbE+1ETVlOoK1UC2nU3gYvg==}
    engines: {node: '>= 0.6'}
    dev: false

  /mime-types@2.1.35:
    resolution: {integrity: sha512-ZDY+bPm5zTTF+YpCrAU9nK0UgICYPT0QtT1NZWFv4s++TNkcgVaT0g6+4R2uI4MjQjzysHB1zxuWL50hzaeXiw==}
    engines: {node: '>= 0.6'}
    dependencies:
      mime-db: 1.52.0
    dev: false

  /mitt@3.0.1:
    resolution: {integrity: sha512-vKivATfr97l2/QBCYAkXYDbrIWPM2IIKEl7YPhjCvKlG3kE2gm+uBo6nEXK3M5/Ffh/FLpKExzOQ3JJoJGFKBw==}
    dev: false

  /nanoid@3.3.11:
    resolution: {integrity: sha512-N8SpfPUnUp1bK+PMYW8qSWdl9U+wwNWI4QKxOYDy9JAro3WMX7p2OeVRF9v+347pnakNevPmiHhNmZ2HbFA76w==}
    engines: {node: ^10 || ^12 || ^13.7 || ^14 || >=15.0.1}
    hasBin: true

  /perfect-debounce@1.0.0:
    resolution: {integrity: sha512-xCy9V055GLEqoFaHoC1SoLIaLmWctgCUaBaWxDZ7/Zx4CTyX7cJQLJOok/orfjZAh9kEYpjJa4d0KcJmCbctZA==}
    dev: false

  /picocolors@1.1.1:
    resolution: {integrity: sha512-xceH2snhtb5M9liqDsmEw56le376mTZkEX/jEb/RxNFyegNul7eNslCXP9FDj/Lcu0X8KEyMceP2ntpaHrDEVA==}

  /picomatch@4.0.3:
    resolution: {integrity: sha512-5gTmgEY/sqK6gFXLIsQNH19lWb4ebPDLA4SdLP7dsWkIXHWlG66oPuVvXSGFPppYZz8ZDZq0dYYrbHfBCVUb1Q==}
    engines: {node: '>=12'}
    dev: true

  /pinia@3.0.4(vue@3.5.25):
    resolution: {integrity: sha512-l7pqLUFTI/+ESXn6k3nu30ZIzW5E2WZF/LaHJEpoq6ElcLD+wduZoB2kBN19du6K/4FDpPMazY2wJr+IndBtQw==}
    peerDependencies:
      typescript: '>=4.5.0'
      vue: ^3.5.11
    peerDependenciesMeta:
      typescript:
        optional: true
    dependencies:
      '@vue/devtools-api': 7.7.9
      vue: 3.5.25
    dev: false

  /postcss@8.5.6:
    resolution: {integrity: sha512-3Ybi1tAuwAP9s0r1UQ2J4n5Y0G05bJkpUIO0/bI9MhwmD70S5aTWbXGBwxHrelT+XM1k6dM0pk+SwNkpTRN7Pg==}
    engines: {node: ^10 || ^12 || >=14}
    dependencies:
      nanoid: 3.3.11
      picocolors: 1.1.1
      source-map-js: 1.2.1

  /proxy-from-env@1.1.0:
    resolution: {integrity: sha512-D+zkORCbA9f1tdWRK0RaCR3GPv50cMxcrz4X8k5LTSUD1Dkw47mKJEZQNunItRTkWwgtaUSo1RVFRIG9ZXiFYg==}
    dev: false

  /rfdc@1.4.1:
    resolution: {integrity: sha512-q1b3N5QkRUWUl7iyylaaj3kOpIT0N2i9MqIEQXP73GVsN9cw3fdx8X63cEmWhJGi2PPCF23Ijp7ktmd39rawIA==}
    dev: false

  /rollup@4.53.4:
    resolution: {integrity: sha512-YpXaaArg0MvrnJpvduEDYIp7uGOqKXbH9NsHGQ6SxKCOsNAjZF018MmxefFUulVP2KLtiGw1UvZbr+/ekjvlDg==}
    engines: {node: '>=18.0.0', npm: '>=8.0.0'}
    hasBin: true
    dependencies:
      '@types/estree': 1.0.8
    optionalDependencies:
      '@rollup/rollup-android-arm-eabi': 4.53.4
      '@rollup/rollup-android-arm64': 4.53.4
      '@rollup/rollup-darwin-arm64': 4.53.4
      '@rollup/rollup-darwin-x64': 4.53.4
      '@rollup/rollup-freebsd-arm64': 4.53.4
      '@rollup/rollup-freebsd-x64': 4.53.4
      '@rollup/rollup-linux-arm-gnueabihf': 4.53.4
      '@rollup/rollup-linux-arm-musleabihf': 4.53.4
      '@rollup/rollup-linux-arm64-gnu': 4.53.4
      '@rollup/rollup-linux-arm64-musl': 4.53.4
      '@rollup/rollup-linux-loong64-gnu': 4.53.4
      '@rollup/rollup-linux-ppc64-gnu': 4.53.4
      '@rollup/rollup-linux-riscv64-gnu': 4.53.4
      '@rollup/rollup-linux-riscv64-musl': 4.53.4
      '@rollup/rollup-linux-s390x-gnu': 4.53.4
      '@rollup/rollup-linux-x64-gnu': 4.53.4
      '@rollup/rollup-linux-x64-musl': 4.53.4
      '@rollup/rollup-openharmony-arm64': 4.53.4
      '@rollup/rollup-win32-arm64-msvc': 4.53.4
      '@rollup/rollup-win32-ia32-msvc': 4.53.4
      '@rollup/rollup-win32-x64-gnu': 4.53.4
      '@rollup/rollup-win32-x64-msvc': 4.53.4
      fsevents: 2.3.3
    dev: true

  /source-map-js@1.2.1:
    resolution: {integrity: sha512-UXWMKhLOwVKb728IUtQPXxfYU+usdybtUrK/8uGE8CQMvrhOpwvzDBwj0QhSL7MQc7vIsISBG8VQ8+IDQxpfQA==}
    engines: {node: '>=0.10.0'}

  /speakingurl@14.0.1:
    resolution: {integrity: sha512-1POYv7uv2gXoyGFpBCmpDVSNV74IfsWlDW216UPjbWufNf+bSU6GdbDsxdcxtfwb4xlI3yxzOTKClUosxARYrQ==}
    engines: {node: '>=0.10.0'}
    dev: false

  /superjson@2.2.6:
    resolution: {integrity: sha512-H+ue8Zo4vJmV2nRjpx86P35lzwDT3nItnIsocgumgr0hHMQ+ZGq5vrERg9kJBo5AWGmxZDhzDo+WVIJqkB0cGA==}
    engines: {node: '>=16'}
    dependencies:
      copy-anything: 4.0.5
    dev: false

  /tinyglobby@0.2.15:
    resolution: {integrity: sha512-j2Zq4NyQYG5XMST4cbs02Ak8iJUdxRM0XI5QyxXuZOzKOINmWurp3smXu3y5wDcJrptwpSjgXHzIQxR0omXljQ==}
    engines: {node: '>=12.0.0'}
    dependencies:
      fdir: 6.5.0(picomatch@4.0.3)
      picomatch: 4.0.3
    dev: true

  /vite@7.3.0:
    resolution: {integrity: sha512-dZwN5L1VlUBewiP6H9s2+B3e3Jg96D0vzN+Ry73sOefebhYr9f94wwkMNN/9ouoU8pV1BqA1d1zGk8928cx0rg==}
    engines: {node: ^20.19.0 || >=22.12.0}
    hasBin: true
    peerDependencies:
      '@types/node': ^20.19.0 || >=22.12.0
      jiti: '>=1.21.0'
      less: ^4.0.0
      lightningcss: ^1.21.0
      sass: ^1.70.0
      sass-embedded: ^1.70.0
      stylus: '>=0.54.8'
      sugarss: ^5.0.0
      terser: ^5.16.0
      tsx: ^4.8.1
      yaml: ^2.4.2
    peerDependenciesMeta:
      '@types/node':
        optional: true
      jiti:
        optional: true
      less:
        optional: true
      lightningcss:
        optional: true
      sass:
        optional: true
      sass-embedded:
        optional: true
      stylus:
        optional: true
      sugarss:
        optional: true
      terser:
        optional: true
      tsx:
        optional: true
      yaml:
        optional: true
    dependencies:
      esbuild: 0.27.1
      fdir: 6.5.0(picomatch@4.0.3)
      picomatch: 4.0.3
      postcss: 8.5.6
      rollup: 4.53.4
      tinyglobby: 0.2.15
    optionalDependencies:
      fsevents: 2.3.3
    dev: true

  /vue-router@4.6.4(vue@3.5.25):
    resolution: {integrity: sha512-Hz9q5sa33Yhduglwz6g9skT8OBPii+4bFn88w6J+J4MfEo4KRRpmiNG/hHHkdbRFlLBOqxN8y8gf2Fb0MTUgVg==}
    peerDependencies:
      vue: ^3.5.0
    dependencies:
      '@vue/devtools-api': 6.6.4
      vue: 3.5.25
    dev: false

  /vue@3.5.25:
    resolution: {integrity: sha512-YLVdgv2K13WJ6n+kD5owehKtEXwdwXuj2TTyJMsO7pSeKw2bfRNZGjhB7YzrpbMYj5b5QsUebHpOqR3R3ziy/g==}
    peerDependencies:
      typescript: '*'
    peerDependenciesMeta:
      typescript:
        optional: true
    dependencies:
      '@vue/compiler-dom': 3.5.25
      '@vue/compiler-sfc': 3.5.25
      '@vue/runtime-dom': 3.5.25
      '@vue/server-renderer': 3.5.25(vue@3.5.25)
      '@vue/shared': 3.5.25
